
Microsoft Visual Studio Solution File, Format Version 12.00
# Visual Studio Version 16
VisualStudioVersion = 16.0.30717.126
MinimumVisualStudioVersion = 10.0.40219.1
Project("{FAE04EC0-301F-11D3-BF4B-00C04F79EFBC}") = "WindowsFormsApp10", "WindowsFormsApp10\WindowsFormsApp10.csproj", "{36EA4D01-1C84-4FB0-A59C-3BAB70DEEA4D}"
EndProject
Global
	GlobalSection(SolutionConfigurationPlatforms) = preSolution
		Debug|Any CPU = Debug|Any CPU
		Release|Any CPU = Release|Any CPU
	EndGlobalSection
	GlobalSection(ProjectConfigurationPlatforms) = postSolution
		{36EA4D01-1C84-4FB0-A59C-3BAB70DEEA4D}.Debug|Any CPU.ActiveCfg = Debug|Any CPU
		{36EA4D01-1C84-4FB0-A59C-3BAB70DEEA4D}.Debug|Any CPU.Build.0 = Debug|Any CPU
		{36EA4D01-1C84-4FB0-A59C-3BAB70DEEA4D}.Release|Any CPU.ActiveCfg = Release|Any CPU
		{36EA4D01-1C84-4FB0-A59C-3BAB70DEEA4D}.Release|Any CPU.Build.0 = Release|Any CPU
	EndGlobalSection
	GlobalSection(SolutionProperties) = preSolution
		HideSolutionNode = FALSE
	EndGlobalSection
	GlobalSection(ExtensibilityGlobals) = postSolution
		SolutionGuid = {E041217A-108D-4AFD-AD02-753D2B8F7D01}
	EndGlobalSection
EndGlobal
